
Microsoft Visual Studio Solution File, Format Version 12.00
# Visual Studio Version 16
VisualStudioVersion = 16.0.30225.117
MinimumVisualStudioVersion = 10.0.40219.1
Project("{FAE04EC0-301F-11D3-BF4B-00C04F79EFBC}") = "LingFiddler", "LingFiddler\LingFiddler.csproj", "{B124B9CB-0001-4114-96BC-BAC335A39E9B}"
EndProject
Project("{FAE04EC0-301F-11D3-BF4B-00C04F79EFBC}") = "LingFiddlerTests", "LingFiddlerTests\LingFiddlerTests.csproj", "{F6E05741-2D25-4DFC-82E9-49986490C35C}"
EndProject
Global
	GlobalSection(SolutionConfigurationPlatforms) = preSolution
		Debug|Any CPU = Debug|Any CPU
		Release|Any CPU = Release|Any CPU
	EndGlobalSection
	GlobalSection(ProjectConfigurationPlatforms) = postSolution
		{B124B9CB-0001-4114-96BC-BAC335A39E9B}.Debug|Any CPU.ActiveCfg = Debug|Any CPU
		{B124B9CB-0001-4114-96BC-BAC335A39E9B}.Debug|Any CPU.Build.0 = Debug|Any CPU
		{B124B9CB-0001-4114-96BC-BAC335A39E9B}.Release|Any CPU.ActiveCfg = Release|Any CPU
		{B124B9CB-0001-4114-96BC-BAC335A39E9B}.Release|Any CPU.Build.0 = Release|Any CPU
		{F6E05741-2D25-4DFC-82E9-49986490C35C}.Debug|Any CPU.ActiveCfg = Debug|Any CPU
		{F6E05741-2D25-4DFC-82E9-49986490C35C}.Debug|Any CPU.Build.0 = Debug|Any CPU
		{F6E05741-2D25-4DFC-82E9-49986490C35C}.Release|Any CPU.ActiveCfg = Release|Any CPU
		{F6E05741-2D25-4DFC-82E9-49986490C35C}.Release|Any CPU.Build.0 = Release|Any CPU
	EndGlobalSection
	GlobalSection(SolutionProperties) = preSolution
		HideSolutionNode = FALSE
	EndGlobalSection
	GlobalSection(ExtensibilityGlobals) = postSolution
		SolutionGuid = {5AA1BBDF-1E1E-4CE9-A9C1-5F105ED7A9F1}
	EndGlobalSection
EndGlobal
